
Microsoft Visual Studio Solution File, Format Version 12.00
# Visual Studio 2015
Project("{FAE04EC0-301F-11D3-BF4B-00C04F79EFBC}") = "Match_3", "Match_3.csproj", "{12778FAB-2A7D-227B-FEAA-2DB5B0E38F14}"
EndProject
Global
	GlobalSection(SolutionConfigurationPlatforms) = preSolution
		Debug|Any CPU = Debug|Any CPU
		Release|Any CPU = Release|Any CPU
	EndGlobalSection
	GlobalSection(ProjectConfigurationPlatforms) = postSolution
		{12778FAB-2A7D-227B-FEAA-2DB5B0E38F14}.Debug|Any CPU.ActiveCfg = Debug|Any CPU
		{12778FAB-2A7D-227B-FEAA-2DB5B0E38F14}.Debug|Any CPU.Build.0 = Debug|Any CPU
		{12778FAB-2A7D-227B-FEAA-2DB5B0E38F14}.Release|Any CPU.ActiveCfg = Release|Any CPU
		{12778FAB-2A7D-227B-FEAA-2DB5B0E38F14}.Release|Any CPU.Build.0 = Release|Any CPU
	EndGlobalSection
	GlobalSection(SolutionProperties) = preSolution
		HideSolutionNode = FALSE
	EndGlobalSection
EndGlobal
